
Microsoft Visual Studio Solution File, Format Version 12.00
# Visual Studio Version 16
VisualStudioVersion = 16.0.33027.164
MinimumVisualStudioVersion = 10.0.40219.1
Project("{FAE04EC0-301F-11D3-BF4B-00C04F79EFBC}") = "TemperatureConverter.UI", "TemperatureConverter.UI\TemperatureConverter.UI.csproj", "{E65A66A8-30F4-4143-AD8B-7C660C19C39A}"
EndProject
Project("{FAE04EC0-301F-11D3-BF4B-00C04F79EFBC}") = "TemperatureConverter.Math", "TemperatureConverter.Math\TemperatureConverter.Math.csproj", "{387BC3E5-8F1E-49D4-956C-4FCBD26B8677}"
EndProject
Global
	GlobalSection(SolutionConfigurationPlatforms) = preSolution
		Debug|Any CPU = Debug|Any CPU
		Release|Any CPU = Release|Any CPU
	EndGlobalSection
	GlobalSection(ProjectConfigurationPlatforms) = postSolution
		{E65A66A8-30F4-4143-AD8B-7C660C19C39A}.Debug|Any CPU.ActiveCfg = Debug|Any CPU
		{E65A66A8-30F4-4143-AD8B-7C660C19C39A}.Debug|Any CPU.Build.0 = Debug|Any CPU
		{E65A66A8-30F4-4143-AD8B-7C660C19C39A}.Release|Any CPU.ActiveCfg = Release|Any CPU
		{E65A66A8-30F4-4143-AD8B-7C660C19C39A}.Release|Any CPU.Build.0 = Release|Any CPU
		{387BC3E5-8F1E-49D4-956C-4FCBD26B8677}.Debug|Any CPU.ActiveCfg = Debug|Any CPU
		{387BC3E5-8F1E-49D4-956C-4FCBD26B8677}.Debug|Any CPU.Build.0 = Debug|Any CPU
		{387BC3E5-8F1E-49D4-956C-4FCBD26B8677}.Release|Any CPU.ActiveCfg = Release|Any CPU
		{387BC3E5-8F1E-49D4-956C-4FCBD26B8677}.Release|Any CPU.Build.0 = Release|Any CPU
	EndGlobalSection
	GlobalSection(SolutionProperties) = preSolution
		HideSolutionNode = FALSE
	EndGlobalSection
	GlobalSection(ExtensibilityGlobals) = postSolution
		SolutionGuid = {A7065E9B-44C6-4B3B-808D-8B196A38EDA1}
	EndGlobalSection
EndGlobal
